// !$*UTF8*$!
{
	archiveVersion = 1;
	classes = {
	};
	objectVersion = 48;
	objects = {

/* Begin PBXBuildFile section */
		18039319203FE3A100A12674 /* AppDelegate.swift in Sources */ = {isa = PBXBuildFile; fileRef = 18039318203FE3A100A12674 /* AppDelegate.swift */; };
		1803931B203FE3A100A12674 /* ViewController.swift in Sources */ = {isa = PBXBuildFile; fileRef = 1803931A203FE3A100A12674 /* ViewController.swift */; };
		1803931E203FE3A100A12674 /* Main.storyboard in Resources */ = {isa = PBXBuildFile; fileRef = 1803931C203FE3A100A12674 /* Main.storyboard */; };
		18039320203FE3A100A12674 /* Assets.xcassets in Resources */ = {isa = PBXBuildFile; fileRef = 1803931F203FE3A100A12674 /* Assets.xcassets */; };
		18039323203FE3A100A12674 /* LaunchScreen.storyboard in Resources */ = {isa = PBXBuildFile; fileRef = 18039321203FE3A100A12674 /* LaunchScreen.storyboard */; };
		18039332203FF74500A12674 /* XXLinkLabel.m in Sources */ = {isa = PBXBuildFile; fileRef = 18039330203FF74500A12674 /* XXLinkLabel.m */; };
		18039338204006B200A12674 /* WBBaseViewController.swift in Sources */ = {isa = PBXBuildFile; fileRef = 18039337204006B200A12674 /* WBBaseViewController.swift */; };
		1803933A204006FF00A12674 /* WBMainViewController.swift in Sources */ = {isa = PBXBuildFile; fileRef = 18039339204006FF00A12674 /* WBMainViewController.swift */; };
		1803933D20400AEC00A12674 /* WBMainTableViewCell.swift in Sources */ = {isa = PBXBuildFile; fileRef = 1803933C20400AEC00A12674 /* WBMainTableViewCell.swift */; };
		1803933F20400B8900A12674 /* WBMainHeaderView.swift in Sources */ = {isa = PBXBuildFile; fileRef = 1803933E20400B8900A12674 /* WBMainHeaderView.swift */; };
		1803934420400CA100A12674 /* WBMainHeaderModel.swift in Sources */ = {isa = PBXBuildFile; fileRef = 1803934320400CA100A12674 /* WBMainHeaderModel.swift */; };
		181EC4992044010900993615 /* miku.jpg in Resources */ = {isa = PBXBuildFile; fileRef = 181EC4982044010900993615 /* miku.jpg */; };
		186D11F42044E342009F3242 /* WBForwardingView.swift in Sources */ = {isa = PBXBuildFile; fileRef = 186D11F32044E342009F3242 /* WBForwardingView.swift */; };
		186D11F62044E34E009F3242 /* WBForwardingView.xib in Resources */ = {isa = PBXBuildFile; fileRef = 186D11F52044E34E009F3242 /* WBForwardingView.xib */; };
		1875B7302047E50400B5A5AA /* WBNineImageView.swift in Sources */ = {isa = PBXBuildFile; fileRef = 1875B72F2047E50400B5A5AA /* WBNineImageView.swift */; };
		1875B7322047E51D00B5A5AA /* WBNineImageView.xib in Resources */ = {isa = PBXBuildFile; fileRef = 1875B7312047E51D00B5A5AA /* WBNineImageView.xib */; };
		188C68492042396900ED544E /* Header.swift in Sources */ = {isa = PBXBuildFile; fileRef = 188C68482042396900ED544E /* Header.swift */; };
		188C68D42042849C00ED544E /* headIcon0.jpg in Resources */ = {isa = PBXBuildFile; fileRef = 188C68AA2042849700ED544E /* headIcon0.jpg */; };
		188C68D52042849C00ED544E /* headIcon9.jpg in Resources */ = {isa = PBXBuildFile; fileRef = 188C68AB2042849700ED544E /* headIcon9.jpg */; };
		188C68D62042849C00ED544E /* headIcon20.jpg in Resources */ = {isa = PBXBuildFile; fileRef = 188C68AC2042849700ED544E /* headIcon20.jpg */; };
		188C68D72042849C00ED544E /* headIcon12.jpg in Resources */ = {isa = PBXBuildFile; fileRef = 188C68AD2042849800ED544E /* headIcon12.jpg */; };
		188C68D82042849C00ED544E /* headIcon24.jpg in Resources */ = {isa = PBXBuildFile; fileRef = 188C68AE2042849800ED544E /* headIcon24.jpg */; };
		188C68D92042849C00ED544E /* headIcon26.jpg in Resources */ = {isa = PBXBuildFile; fileRef = 188C68AF2042849800ED544E /* headIcon26.jpg */; };
		188C68DA2042849C00ED544E /* headIcon25.jpg in Resources */ = {isa = PBXBuildFile; fileRef = 188C68B02042849800ED544E /* headIcon25.jpg */; };
		188C68DB2042849C00ED544E /* headIcon19.jpg in Resources */ = {isa = PBXBuildFile; fileRef = 188C68B12042849800ED544E /* headIcon19.jpg */; };
		188C68DC2042849C00ED544E /* headIcon29.jpg in Resources */ = {isa = PBXBuildFile; fileRef = 188C68B22042849800ED544E /* headIcon29.jpg */; };
		188C68DD2042849C00ED544E /* headIcon34.jpg in Resources */ = {isa = PBXBuildFile; fileRef = 188C68B32042849800ED544E /* headIcon34.jpg */; };
		188C68DE2042849C00ED544E /* headIcon23.jpg in Resources */ = {isa = PBXBuildFile; fileRef = 188C68B42042849800ED544E /* headIcon23.jpg */; };
		188C68DF2042849C00ED544E /* headIcon38.jpg in Resources */ = {isa = PBXBuildFile; fileRef = 188C68B52042849800ED544E /* headIcon38.jpg */; };
		188C68E02042849C00ED544E /* headIcon39.jpg in Resources */ = {isa = PBXBuildFile; fileRef = 188C68B62042849800ED544E /* headIcon39.jpg */; };
		188C68E12042849C00ED544E /* headIcon18.jpg in Resources */ = {isa = PBXBuildFile; fileRef = 188C68B72042849800ED544E /* headIcon18.jpg */; };
		188C68E22042849C00ED544E /* headIcon33.jpg in Resources */ = {isa = PBXBuildFile; fileRef = 188C68B82042849800ED544E /* headIcon33.jpg */; };
		188C68E32042849C00ED544E /* headIcon28.jpg in Resources */ = {isa = PBXBuildFile; fileRef = 188C68B92042849800ED544E /* headIcon28.jpg */; };
		188C68E42042849C00ED544E /* headIcon40.jpg in Resources */ = {isa = PBXBuildFile; fileRef = 188C68BA2042849900ED544E /* headIcon40.jpg */; };
		188C68E52042849C00ED544E /* headIcon41.jpg in Resources */ = {isa = PBXBuildFile; fileRef = 188C68BB2042849900ED544E /* headIcon41.jpg */; };
		188C68E62042849C00ED544E /* headIcon17.jpg in Resources */ = {isa = PBXBuildFile; fileRef = 188C68BC2042849900ED544E /* headIcon17.jpg */; };
		188C68E72042849C00ED544E /* headIcon32.jpg in Resources */ = {isa = PBXBuildFile; fileRef = 188C68BD2042849900ED544E /* headIcon32.jpg */; };
		188C68E82042849C00ED544E /* headIcon14.jpg in Resources */ = {isa = PBXBuildFile; fileRef = 188C68BE2042849900ED544E /* headIcon14.jpg */; };
		188C68E92042849C00ED544E /* headIcon27.jpg in Resources */ = {isa = PBXBuildFile; fileRef = 188C68BF2042849900ED544E /* headIcon27.jpg */; };
		188C68EA2042849C00ED544E /* headIcon3.jpg in Resources */ = {isa = PBXBuildFile; fileRef = 188C68C02042849900ED544E /* headIcon3.jpg */; };
		188C68EB2042849C00ED544E /* headIcon8.jpg in Resources */ = {isa = PBXBuildFile; fileRef = 188C68C12042849900ED544E /* headIcon8.jpg */; };
		188C68EC2042849C00ED544E /* headIcon6.jpg in Resources */ = {isa = PBXBuildFile; fileRef = 188C68C22042849900ED544E /* headIcon6.jpg */; };
		188C68ED2042849C00ED544E /* headIcon35.jpg in Resources */ = {isa = PBXBuildFile; fileRef = 188C68C32042849900ED544E /* headIcon35.jpg */; };
		188C68EE2042849C00ED544E /* headIcon31.jpg in Resources */ = {isa = PBXBuildFile; fileRef = 188C68C42042849A00ED544E /* headIcon31.jpg */; };
		188C68EF2042849C00ED544E /* headIcon2.jpg in Resources */ = {isa = PBXBuildFile; fileRef = 188C68C52042849A00ED544E /* headIcon2.jpg */; };
		188C68F02042849C00ED544E /* headIcon1.jpg in Resources */ = {isa = PBXBuildFile; fileRef = 188C68C62042849A00ED544E /* headIcon1.jpg */; };
		188C68F12042849C00ED544E /* headIcon30.jpg in Resources */ = {isa = PBXBuildFile; fileRef = 188C68C72042849A00ED544E /* headIcon30.jpg */; };
		188C68F22042849C00ED544E /* headIcon10.jpg in Resources */ = {isa = PBXBuildFile; fileRef = 188C68C82042849A00ED544E /* headIcon10.jpg */; };
		188C68F32042849C00ED544E /* headIcon4.jpg in Resources */ = {isa = PBXBuildFile; fileRef = 188C68C92042849A00ED544E /* headIcon4.jpg */; };
		188C68F42042849C00ED544E /* headIcon11.jpg in Resources */ = {isa = PBXBuildFile; fileRef = 188C68CA2042849A00ED544E /* headIcon11.jpg */; };
		188C68F52042849C00ED544E /* headIcon13.jpg in Resources */ = {isa = PBXBuildFile; fileRef = 188C68CB2042849A00ED544E /* headIcon13.jpg */; };
		188C68F62042849C00ED544E /* headIcon5.jpg in Resources */ = {isa = PBXBuildFile; fileRef = 188C68CC2042849B00ED544E /* headIcon5.jpg */; };
		188C68F72042849C00ED544E /* headIcon16.jpg in Resources */ = {isa = PBXBuildFile; fileRef = 188C68CD2042849B00ED544E /* headIcon16.jpg */; };
		188C68F82042849C00ED544E /* headIcon21.jpg in Resources */ = {isa = PBXBuildFile; fileRef = 188C68CE2042849B00ED544E /* headIcon21.jpg */; };
		188C68F92042849C00ED544E /* headIcon22.jpg in Resources */ = {isa = PBXBuildFile; fileRef = 188C68CF2042849B00ED544E /* headIcon22.jpg */; };
		188C68FA2042849C00ED544E /* headIcon7.jpg in Resources */ = {isa = PBXBuildFile; fileRef = 188C68D02042849B00ED544E /* headIcon7.jpg */; };
		188C68FB2042849C00ED544E /* headIcon36.jpg in Resources */ = {isa = PBXBuildFile; fileRef = 188C68D12042849B00ED544E /* headIcon36.jpg */; };
		188C68FC2042849C00ED544E /* headIcon15.jpg in Resources */ = {isa = PBXBuildFile; fileRef = 188C68D22042849B00ED544E /* headIcon15.jpg */; };
		188C68FD2042849C00ED544E /* headIcon37.jpg in Resources */ = {isa = PBXBuildFile; fileRef = 188C68D32042849C00ED544E /* headIcon37.jpg */; };
		188C68FF2042850700ED544E /* WBMainContentView.swift in Sources */ = {isa = PBXBuildFile; fileRef = 188C68FE2042850700ED544E /* WBMainContentView.swift */; };
		188C6901204286A300ED544E /* WBMainContentView.xib in Resources */ = {isa = PBXBuildFile; fileRef = 188C6900204286A300ED544E /* WBMainContentView.xib */; };
		188C690320428CF600ED544E /* WBMainContentModel.swift in Sources */ = {isa = PBXBuildFile; fileRef = 188C690220428CF600ED544E /* WBMainContentModel.swift */; };
		1892B7C820511FA20049192D /* Eleme.storyboard in Resources */ = {isa = PBXBuildFile; fileRef = 1892B7C720511FA20049192D /* Eleme.storyboard */; };
		1892B7CA20511FDF0049192D /* Weibo.storyboard in Resources */ = {isa = PBXBuildFile; fileRef = 1892B7C920511FDF0049192D /* Weibo.storyboard */; };
		1892B7D3205128640049192D /* ELMBaseViewController.swift in Sources */ = {isa = PBXBuildFile; fileRef = 1892B7D2205128640049192D /* ELMBaseViewController.swift */; };
		1892B7D5205128850049192D /* ELMMenuViewController.swift in Sources */ = {isa = PBXBuildFile; fileRef = 1892B7D4205128850049192D /* ELMMenuViewController.swift */; };
		189D7E3C2056432C000AE2C8 /* ELMMenuViewOneScrollCell.swift in Sources */ = {isa = PBXBuildFile; fileRef = 189D7E3B2056432C000AE2C8 /* ELMMenuViewOneScrollCell.swift */; };
		18A1AC302057959A005B1458 /* ELMMenuBackView.swift in Sources */ = {isa = PBXBuildFile; fileRef = 18A1AC2F2057959A005B1458 /* ELMMenuBackView.swift */; };
		18A1AC3220579636005B1458 /* ELMMenuBackView.xib in Resources */ = {isa = PBXBuildFile; fileRef = 18A1AC3120579636005B1458 /* ELMMenuBackView.xib */; };
		18A1AC382057C4A6005B1458 /* RatingBar.swift in Sources */ = {isa = PBXBuildFile; fileRef = 18A1AC372057C4A6005B1458 /* RatingBar.swift */; };
		18D553052058D03700F675A5 /* ELMCouponView.swift in Sources */ = {isa = PBXBuildFile; fileRef = 18D553042058D03700F675A5 /* ELMCouponView.swift */; };
		18D553072058D05200F675A5 /* ELMCouponView.xib in Resources */ = {isa = PBXBuildFile; fileRef = 18D553062058D05200F675A5 /* ELMCouponView.xib */; };
		18D553092058F32000F675A5 /* ELMPreferentialView.swift in Sources */ = {isa = PBXBuildFile; fileRef = 18D553082058F32000F675A5 /* ELMPreferentialView.swift */; };
		18D5530B2058F34400F675A5 /* ELMPreferentialView.xib in Resources */ = {isa = PBXBuildFile; fileRef = 18D5530A2058F34400F675A5 /* ELMPreferentialView.xib */; };
		18D5530D2058F77D00F675A5 /* ELMMenuBaseModel.swift in Sources */ = {isa = PBXBuildFile; fileRef = 18D5530C2058F77D00F675A5 /* ELMMenuBaseModel.swift */; };
		18D5530F2058F8A600F675A5 /* ELMMenuCouponModel.swift in Sources */ = {isa = PBXBuildFile; fileRef = 18D5530E2058F8A600F675A5 /* ELMMenuCouponModel.swift */; };
		18D553112058F9CD00F675A5 /* ELMMenuPreferentialModel.swift in Sources */ = {isa = PBXBuildFile; fileRef = 18D553102058F9CD00F675A5 /* ELMMenuPreferentialModel.swift */; };
		18D8301D2048FFA1008E5A44 /* WBMainTableViewCell.xib in Resources */ = {isa = PBXBuildFile; fileRef = 18D8301C2048FFA1008E5A44 /* WBMainTableViewCell.xib */; };
		EA6EE33A4B4F6D637FC9B685 /* Pods_BigDemoSwift.framework in Frameworks */ = {isa = PBXBuildFile; fileRef = 0DBD0EB0DD1A87F6937D7C67 /* Pods_BigDemoSwift.framework */; };
/* End PBXBuildFile section */

/* Begin PBXFileReference section */
		0DBD0EB0DD1A87F6937D7C67 /* Pods_BigDemoSwift.framework */ = {isa = PBXFileReference; explicitFileType = wrapper.framework; includeInIndex = 0; path = Pods_BigDemoSwift.framework; sourceTree = BUILT_PRODUCTS_DIR; };
		18039315203FE3A100A12674 /* BigDemoSwift.app */ = {isa = PBXFileReference; explicitFileType = wrapper.application; includeInIndex = 0; path = BigDemoSwift.app; sourceTree = BUILT_PRODUCTS_DIR; };
		18039318203FE3A100A12674 /* AppDelegate.swift */ = {isa = PBXFileReference; lastKnownFileType = sourcecode.swift; path = AppDelegate.swift; sourceTree = "<group>"; };
		1803931A203FE3A100A12674 /* ViewController.swift */ = {isa = PBXFileReference; lastKnownFileType = sourcecode.swift; path = ViewController.swift; sourceTree = "<group>"; };
		1803931D203FE3A100A12674 /* Base */ = {isa = PBXFileReference; lastKnownFileType = file.storyboard; name = Base; path = Base.lproj/Main.storyboard; sourceTree = "<group>"; };
		1803931F203FE3A100A12674 /* Assets.xcassets */ = {isa = PBXFileReference; lastKnownFileType = folder.assetcatalog; path = Assets.xcassets; sourceTree = "<group>"; };
		18039322203FE3A100A12674 /* Base */ = {isa = PBXFileReference; lastKnownFileType = file.storyboard; name = Base; path = Base.lproj/LaunchScreen.storyboard; sourceTree = "<group>"; };
		18039324203FE3A100A12674 /* Info.plist */ = {isa = PBXFileReference; lastKnownFileType = text.plist.xml; path = Info.plist; sourceTree = "<group>"; };
		1803932F203FF74400A12674 /* BigDemoSwift-Bridging-Header.h */ = {isa = PBXFileReference; lastKnownFileType = sourcecode.c.h; path = "BigDemoSwift-Bridging-Header.h"; sourceTree = "<group>"; };
		18039330203FF74500A12674 /* XXLinkLabel.m */ = {isa = PBXFileReference; fileEncoding = 4; lastKnownFileType = sourcecode.c.objc; path = XXLinkLabel.m; sourceTree = "<group>"; };
		18039331203FF74500A12674 /* XXLinkLabel.h */ = {isa = PBXFileReference; fileEncoding = 4; lastKnownFileType = sourcecode.c.h; path = XXLinkLabel.h; sourceTree = "<group>"; };
		18039337204006B200A12674 /* WBBaseViewController.swift */ = {isa = PBXFileReference; lastKnownFileType = sourcecode.swift; path = WBBaseViewController.swift; sourceTree = "<group>"; };
		18039339204006FF00A12674 /* WBMainViewController.swift */ = {isa = PBXFileReference; lastKnownFileType = sourcecode.swift; path = WBMainViewController.swift; sourceTree = "<group>"; };
		1803933C20400AEC00A12674 /* WBMainTableViewCell.swift */ = {isa = PBXFileReference; lastKnownFileType = sourcecode.swift; path = WBMainTableViewCell.swift; sourceTree = "<group>"; };
		1803933E20400B8900A12674 /* WBMainHeaderView.swift */ = {isa = PBXFileReference; lastKnownFileType = sourcecode.swift; path = WBMainHeaderView.swift; sourceTree = "<group>"; };
		1803934320400CA100A12674 /* WBMainHeaderModel.swift */ = {isa = PBXFileReference; lastKnownFileType = sourcecode.swift; path = WBMainHeaderModel.swift; sourceTree = "<group>"; };
		181EC4982044010900993615 /* miku.jpg */ = {isa = PBXFileReference; lastKnownFileType = image.jpeg; path = miku.jpg; sourceTree = "<group>"; };
		186D11F32044E342009F3242 /* WBForwardingView.swift */ = {isa = PBXFileReference; lastKnownFileType = sourcecode.swift; path = WBForwardingView.swift; sourceTree = "<group>"; };
		186D11F52044E34E009F3242 /* WBForwardingView.xib */ = {isa = PBXFileReference; lastKnownFileType = file.xib; path = WBForwardingView.xib; sourceTree = "<group>"; };
		1875B72F2047E50400B5A5AA /* WBNineImageView.swift */ = {isa = PBXFileReference; lastKnownFileType = sourcecode.swift; path = WBNineImageView.swift; sourceTree = "<group>"; };
		1875B7312047E51D00B5A5AA /* WBNineImageView.xib */ = {isa = PBXFileReference; lastKnownFileType = file.xib; path = WBNineImageView.xib; sourceTree = "<group>"; };
		188C68482042396900ED544E /* Header.swift */ = {isa = PBXFileReference; fileEncoding = 4; lastKnownFileType = sourcecode.swift; path = Header.swift; sourceTree = "<group>"; };
		188C68AA2042849700ED544E /* headIcon0.jpg */ = {isa = PBXFileReference; lastKnownFileType = image.jpeg; path = headIcon0.jpg; sourceTree = "<group>"; };
		188C68AB2042849700ED544E /* headIcon9.jpg */ = {isa = PBXFileReference; lastKnownFileType = image.jpeg; path = headIcon9.jpg; sourceTree = "<group>"; };
		188C68AC2042849700ED544E /* headIcon20.jpg */ = {isa = PBXFileReference; lastKnownFileType = image.jpeg; path = headIcon20.jpg; sourceTree = "<group>"; };
		188C68AD2042849800ED544E /* headIcon12.jpg */ = {isa = PBXFileReference; lastKnownFileType = image.jpeg; path = headIcon12.jpg; sourceTree = "<group>"; };
		188C68AE2042849800ED544E /* headIcon24.jpg */ = {isa = PBXFileReference; lastKnownFileType = image.jpeg; path = headIcon24.jpg; sourceTree = "<group>"; };
		188C68AF2042849800ED544E /* headIcon26.jpg */ = {isa = PBXFileReference; lastKnownFileType = image.jpeg; path = headIcon26.jpg; sourceTree = "<group>"; };
		188C68B02042849800ED544E /* headIcon25.jpg */ = {isa = PBXFileReference; lastKnownFileType = image.jpeg; path = headIcon25.jpg; sourceTree = "<group>"; };
		188C68B12042849800ED544E /* headIcon19.jpg */ = {isa = PBXFileReference; lastKnownFileType = image.jpeg; path = headIcon19.jpg; sourceTree = "<group>"; };
		188C68B22042849800ED544E /* headIcon29.jpg */ = {isa = PBXFileReference; lastKnownFileType = image.jpeg; path = headIcon29.jpg; sourceTree = "<group>"; };
		188C68B32042849800ED544E /* headIcon34.jpg */ = {isa = PBXFileReference; lastKnownFileType = image.jpeg; path = headIcon34.jpg; sourceTree = "<group>"; };
		188C68B42042849800ED544E /* headIcon23.jpg */ = {isa = PBXFileReference; lastKnownFileType = image.jpeg; path = headIcon23.jpg; sourceTree = "<group>"; };
		188C68B52042849800ED544E /* headIcon38.jpg */ = {isa = PBXFileReference; lastKnownFileType = image.jpeg; path = headIcon38.jpg; sourceTree = "<group>"; };
		188C68B62042849800ED544E /* headIcon39.jpg */ = {isa = PBXFileReference; lastKnownFileType = image.jpeg; path = headIcon39.jpg; sourceTree = "<group>"; };
		188C68B72042849800ED544E /* headIcon18.jpg */ = {isa = PBXFileReference; lastKnownFileType = image.jpeg; path = headIcon18.jpg; sourceTree = "<group>"; };
		188C68B82042849800ED544E /* headIcon33.jpg */ = {isa = PBXFileReference; lastKnownFileType = image.jpeg; path = headIcon33.jpg; sourceTree = "<group>"; };
		188C68B92042849800ED544E /* headIcon28.jpg */ = {isa = PBXFileReference; lastKnownFileType = image.jpeg; path = headIcon28.jpg; sourceTree = "<group>"; };
		188C68BA2042849900ED544E /* headIcon40.jpg */ = {isa = PBXFileReference; lastKnownFileType = image.jpeg; path = headIcon40.jpg; sourceTree = "<group>"; };
		188C68BB2042849900ED544E /* headIcon41.jpg */ = {isa = PBXFileReference; lastKnownFileType = image.jpeg; path = headIcon41.jpg; sourceTree = "<group>"; };
		188C68BC2042849900ED544E /* headIcon17.jpg */ = {isa = PBXFileReference; lastKnownFileType = image.jpeg; path = headIcon17.jpg; sourceTree = "<group>"; };
		188C68BD2042849900ED544E /* headIcon32.jpg */ = {isa = PBXFileReference; lastKnownFileType = image.jpeg; path = headIcon32.jpg; sourceTree = "<group>"; };
		188C68BE2042849900ED544E /* headIcon14.jpg */ = {isa = PBXFileReference; lastKnownFileType = image.jpeg; path = headIcon14.jpg; sourceTree = "<group>"; };
		188C68BF2042849900ED544E /* headIcon27.jpg */ = {isa = PBXFileReference; lastKnownFileType = image.jpeg; path = headIcon27.jpg; sourceTree = "<group>"; };
		188C68C02042849900ED544E /* headIcon3.jpg */ = {isa = PBXFileReference; lastKnownFileType = image.jpeg; path = headIcon3.jpg; sourceTree = "<group>"; };
		188C68C12042849900ED544E /* headIcon8.jpg */ = {isa = PBXFileReference; lastKnownFileType = image.jpeg; path = headIcon8.jpg; sourceTree = "<group>"; };
		188C68C22042849900ED544E /* headIcon6.jpg */ = {isa = PBXFileReference; lastKnownFileType = image.jpeg; path = headIcon6.jpg; sourceTree = "<group>"; };
		188C68C32042849900ED544E /* headIcon35.jpg */ = {isa = PBXFileReference; lastKnownFileType = image.jpeg; path = headIcon35.jpg; sourceTree = "<group>"; };
		188C68C42042849A00ED544E /* headIcon31.jpg */ = {isa = PBXFileReference; lastKnownFileType = image.jpeg; path = headIcon31.jpg; sourceTree = "<group>"; };
		188C68C52042849A00ED544E /* headIcon2.jpg */ = {isa = PBXFileReference; lastKnownFileType = image.jpeg; path = headIcon2.jpg; sourceTree = "<group>"; };
		188C68C62042849A00ED544E /* headIcon1.jpg */ = {isa = PBXFileReference; lastKnownFileType = image.jpeg; path = headIcon1.jpg; sourceTree = "<group>"; };
		188C68C72042849A00ED544E /* headIcon30.jpg */ = {isa = PBXFileReference; lastKnownFileType = image.jpeg; path = headIcon30.jpg; sourceTree = "<group>"; };
		188C68C82042849A00ED544E /* headIcon10.jpg */ = {isa = PBXFileReference; lastKnownFileType = image.jpeg; path = headIcon10.jpg; sourceTree = "<group>"; };
		188C68C92042849A00ED544E /* headIcon4.jpg */ = {isa = PBXFileReference; lastKnownFileType = image.jpeg; path = headIcon4.jpg; sourceTree = "<group>"; };
		188C68CA2042849A00ED544E /* headIcon11.jpg */ = {isa = PBXFileReference; lastKnownFileType = image.jpeg; path = headIcon11.jpg; sourceTree = "<group>"; };
		188C68CB2042849A00ED544E /* headIcon13.jpg */ = {isa = PBXFileReference; lastKnownFileType = image.jpeg; path = headIcon13.jpg; sourceTree = "<group>"; };
		188C68CC2042849B00ED544E /* headIcon5.jpg */ = {isa = PBXFileReference; lastKnownFileType = image.jpeg; path = headIcon5.jpg; sourceTree = "<group>"; };
		188C68CD2042849B00ED544E /* headIcon16.jpg */ = {isa = PBXFileReference; lastKnownFileType = image.jpeg; path = headIcon16.jpg; sourceTree = "<group>"; };
		188C68CE2042849B00ED544E /* headIcon21.jpg */ = {isa = PBXFileReference; lastKnownFileType = image.jpeg; path = headIcon21.jpg; sourceTree = "<group>"; };
		188C68CF2042849B00ED544E /* headIcon22.jpg */ = {isa = PBXFileReference; lastKnownFileType = image.jpeg; path = headIcon22.jpg; sourceTree = "<group>"; };
		188C68D02042849B00ED544E /* headIcon7.jpg */ = {isa = PBXFileReference; lastKnownFileType = image.jpeg; path = headIcon7.jpg; sourceTree = "<group>"; };
		188C68D12042849B00ED544E /* headIcon36.jpg */ = {isa = PBXFileReference; lastKnownFileType = image.jpeg; path = headIcon36.jpg; sourceTree = "<group>"; };
		188C68D22042849B00ED544E /* headIcon15.jpg */ = {isa = PBXFileReference; lastKnownFileType = image.jpeg; path = headIcon15.jpg; sourceTree = "<group>"; };
		188C68D32042849C00ED544E /* headIcon37.jpg */ = {isa = PBXFileReference; lastKnownFileType = image.jpeg; path = headIcon37.jpg; sourceTree = "<group>"; };
		188C68FE2042850700ED544E /* WBMainContentView.swift */ = {isa = PBXFileReference; lastKnownFileType = sourcecode.swift; path = WBMainContentView.swift; sourceTree = "<group>"; };
		188C6900204286A300ED544E /* WBMainContentView.xib */ = {isa = PBXFileReference; lastKnownFileType = file.xib; path = WBMainContentView.xib; sourceTree = "<group>"; };
		188C690220428CF600ED544E /* WBMainContentModel.swift */ = {isa = PBXFileReference; lastKnownFileType = sourcecode.swift; path = WBMainContentModel.swift; sourceTree = "<group>"; };
		1892B7C720511FA20049192D /* Eleme.storyboard */ = {isa = PBXFileReference; fileEncoding = 4; lastKnownFileType = file.storyboard; path = Eleme.storyboard; sourceTree = "<group>"; };
		1892B7C920511FDF0049192D /* Weibo.storyboard */ = {isa = PBXFileReference; fileEncoding = 4; lastKnownFileType = file.storyboard; path = Weibo.storyboard; sourceTree = "<group>"; };
		1892B7D2205128640049192D /* ELMBaseViewController.swift */ = {isa = PBXFileReference; lastKnownFileType = sourcecode.swift; path = ELMBaseViewController.swift; sourceTree = "<group>"; };
		1892B7D4205128850049192D /* ELMMenuViewController.swift */ = {isa = PBXFileReference; lastKnownFileType = sourcecode.swift; path = ELMMenuViewController.swift; sourceTree = "<group>"; };
		189D7E3B2056432C000AE2C8 /* ELMMenuViewOneScrollCell.swift */ = {isa = PBXFileReference; lastKnownFileType = sourcecode.swift; path = ELMMenuViewOneScrollCell.swift; sourceTree = "<group>"; };
		18A1AC2F2057959A005B1458 /* ELMMenuBackView.swift */ = {isa = PBXFileReference; lastKnownFileType = sourcecode.swift; path = ELMMenuBackView.swift; sourceTree = "<group>"; };
		18A1AC3120579636005B1458 /* ELMMenuBackView.xib */ = {isa = PBXFileReference; lastKnownFileType = file.xib; path = ELMMenuBackView.xib; sourceTree = "<group>"; };
		18A1AC372057C4A6005B1458 /* RatingBar.swift */ = {isa = PBXFileReference; fileEncoding = 4; lastKnownFileType = sourcecode.swift; path = RatingBar.swift; sourceTree = "<group>"; };
		18D553042058D03700F675A5 /* ELMCouponView.swift */ = {isa = PBXFileReference; lastKnownFileType = sourcecode.swift; path = ELMCouponView.swift; sourceTree = "<group>"; };
		18D553062058D05200F675A5 /* ELMCouponView.xib */ = {isa = PBXFileReference; lastKnownFileType = file.xib; path = ELMCouponView.xib; sourceTree = "<group>"; };
		18D553082058F32000F675A5 /* ELMPreferentialView.swift */ = {isa = PBXFileReference; lastKnownFileType = sourcecode.swift; path = ELMPreferentialView.swift; sourceTree = "<group>"; };
		18D5530A2058F34400F675A5 /* ELMPreferentialView.xib */ = {isa = PBXFileReference; lastKnownFileType = file.xib; path = ELMPreferentialView.xib; sourceTree = "<group>"; };
		18D5530C2058F77D00F675A5 /* ELMMenuBaseModel.swift */ = {isa = PBXFileReference; lastKnownFileType = sourcecode.swift; path = ELMMenuBaseModel.swift; sourceTree = "<group>"; };
		18D5530E2058F8A600F675A5 /* ELMMenuCouponModel.swift */ = {isa = PBXFileReference; lastKnownFileType = sourcecode.swift; path = ELMMenuCouponModel.swift; sourceTree = "<group>"; };
		18D553102058F9CD00F675A5 /* ELMMenuPreferentialModel.swift */ = {isa = PBXFileReference; lastKnownFileType = sourcecode.swift; path = ELMMenuPreferentialModel.swift; sourceTree = "<group>"; };
		18D8301C2048FFA1008E5A44 /* WBMainTableViewCell.xib */ = {isa = PBXFileReference; lastKnownFileType = file.xib; path = WBMainTableViewCell.xib; sourceTree = "<group>"; };
		272C4BF05F750927A2BB3F04 /* Pods-BigDemoSwift.debug.xcconfig */ = {isa = PBXFileReference; includeInIndex = 1; lastKnownFileType = text.xcconfig; name = "Pods-BigDemoSwift.debug.xcconfig"; path = "Pods/Target Support Files/Pods-BigDemoSwift/Pods-BigDemoSwift.debug.xcconfig"; sourceTree = "<group>"; };
		4E8F3ACB9C6DC5EB658410D6 /* Pods-BigDemoSwift.release.xcconfig */ = {isa = PBXFileReference; includeInIndex = 1; lastKnownFileType = text.xcconfig; name = "Pods-BigDemoSwift.release.xcconfig"; path = "Pods/Target Support Files/Pods-BigDemoSwift/Pods-BigDemoSwift.release.xcconfig"; sourceTree = "<group>"; };
/* End PBXFileReference section */

/* Begin PBXFrameworksBuildPhase section */
		18039312203FE3A100A12674 /* Frameworks */ = {
			isa = PBXFrameworksBuildPhase;
			buildActionMask = 2147483647;
			files = (
				EA6EE33A4B4F6D637FC9B685 /* Pods_BigDemoSwift.framework in Frameworks */,
			);
			runOnlyForDeploymentPostprocessing = 0;
		};
/* End PBXFrameworksBuildPhase section */

/* Begin PBXGroup section */
		1803930C203FE3A100A12674 = {
			isa = PBXGroup;
			children = (
				18039317203FE3A100A12674 /* BigDemoSwift */,
				18039316203FE3A100A12674 /* Products */,
				CF96B4FCCFCA5EDA3B616422 /* Pods */,
				34156154243E3B2FDCE8C7BD /* Frameworks */,
			);
			sourceTree = "<group>";
		};
		18039316203FE3A100A12674 /* Products */ = {
			isa = PBXGroup;
			children = (
				18039315203FE3A100A12674 /* BigDemoSwift.app */,
			);
			name = Products;
			sourceTree = "<group>";
		};
		18039317203FE3A100A12674 /* BigDemoSwift */ = {
			isa = PBXGroup;
			children = (
				1892B7C620511F530049192D /* Eleme */,
				180393332040061E00A12674 /* Weibo */,
				1803932E203FF70D00A12674 /* Tools */,
				1803932D203FF70000A12674 /* Header */,
				18039318203FE3A100A12674 /* AppDelegate.swift */,
				1803931A203FE3A100A12674 /* ViewController.swift */,
				1803931C203FE3A100A12674 /* Main.storyboard */,
				1803931F203FE3A100A12674 /* Assets.xcassets */,
				18039321203FE3A100A12674 /* LaunchScreen.storyboard */,
				18039324203FE3A100A12674 /* Info.plist */,
			);
			path = BigDemoSwift;
			sourceTree = "<group>";
		};
		1803932D203FF70000A12674 /* Header */ = {
			isa = PBXGroup;
			children = (
				188C68482042396900ED544E /* Header.swift */,
				1803932F203FF74400A12674 /* BigDemoSwift-Bridging-Header.h */,
			);
			path = Header;
			sourceTree = "<group>";
		};
		1803932E203FF70D00A12674 /* Tools */ = {
			isa = PBXGroup;
			children = (
				18A1AC372057C4A6005B1458 /* RatingBar.swift */,
				18039331203FF74500A12674 /* XXLinkLabel.h */,
				18039330203FF74500A12674 /* XXLinkLabel.m */,
			);
			path = Tools;
			sourceTree = "<group>";
		};
		180393332040061E00A12674 /* Weibo */ = {
			isa = PBXGroup;
			children = (
				1892B7C920511FDF0049192D /* Weibo.storyboard */,
				188C684A2042444100ED544E /* WBImage */,
				180393362040068F00A12674 /* WBBase */,
				180393342040066000A12674 /* WBMainPart */,
			);
			path = Weibo;
			sourceTree = "<group>";
		};
		180393342040066000A12674 /* WBMainPart */ = {
			isa = PBXGroup;
			children = (
				1803934220400C7200A12674 /* Model */,
				1803933B20400AAB00A12674 /* View */,
				180393352040067200A12674 /* Controller */,
			);
			path = WBMainPart;
			sourceTree = "<group>";
		};
		180393352040067200A12674 /* Controller */ = {
			isa = PBXGroup;
			children = (
				18039339204006FF00A12674 /* WBMainViewController.swift */,
			);
			path = Controller;
			sourceTree = "<group>";
		};
		180393362040068F00A12674 /* WBBase */ = {
			isa = PBXGroup;
			children = (
				18039337204006B200A12674 /* WBBaseViewController.swift */,
			);
			path = WBBase;
			sourceTree = "<group>";
		};
		1803933B20400AAB00A12674 /* View */ = {
			isa = PBXGroup;
			children = (
				1803933C20400AEC00A12674 /* WBMainTableViewCell.swift */,
				18D8301C2048FFA1008E5A44 /* WBMainTableViewCell.xib */,
				1803933E20400B8900A12674 /* WBMainHeaderView.swift */,
				1875B72F2047E50400B5A5AA /* WBNineImageView.swift */,
				1875B7312047E51D00B5A5AA /* WBNineImageView.xib */,
				188C68FE2042850700ED544E /* WBMainContentView.swift */,
				188C6900204286A300ED544E /* WBMainContentView.xib */,
				186D11F32044E342009F3242 /* WBForwardingView.swift */,
				186D11F52044E34E009F3242 /* WBForwardingView.xib */,
			);
			path = View;
			sourceTree = "<group>";
		};
		1803934220400C7200A12674 /* Model */ = {
			isa = PBXGroup;
			children = (
				1803934320400CA100A12674 /* WBMainHeaderModel.swift */,
				188C690220428CF600ED544E /* WBMainContentModel.swift */,
			);
			path = Model;
			sourceTree = "<group>";
		};
		181EC497204400F700993615 /* TestImage */ = {
			isa = PBXGroup;
			children = (
				181EC4982044010900993615 /* miku.jpg */,
			);
			path = TestImage;
			sourceTree = "<group>";
		};
		188C684A2042444100ED544E /* WBImage */ = {
			isa = PBXGroup;
			children = (
				181EC497204400F700993615 /* TestImage */,
				188C684B2042444B00ED544E /* headerImage */,
			);
			path = WBImage;
			sourceTree = "<group>";
		};
		188C684B2042444B00ED544E /* headerImage */ = {
			isa = PBXGroup;
			children = (
				188C68AA2042849700ED544E /* headIcon0.jpg */,
				188C68C62042849A00ED544E /* headIcon1.jpg */,
				188C68C52042849A00ED544E /* headIcon2.jpg */,
				188C68C02042849900ED544E /* headIcon3.jpg */,
				188C68C92042849A00ED544E /* headIcon4.jpg */,
				188C68CC2042849B00ED544E /* headIcon5.jpg */,
				188C68C22042849900ED544E /* headIcon6.jpg */,
				188C68D02042849B00ED544E /* headIcon7.jpg */,
				188C68C12042849900ED544E /* headIcon8.jpg */,
				188C68AB2042849700ED544E /* headIcon9.jpg */,
				188C68C82042849A00ED544E /* headIcon10.jpg */,
				188C68CA2042849A00ED544E /* headIcon11.jpg */,
				188C68AD2042849800ED544E /* headIcon12.jpg */,
				188C68CB2042849A00ED544E /* headIcon13.jpg */,
				188C68BE2042849900ED544E /* headIcon14.jpg */,
				188C68D22042849B00ED544E /* headIcon15.jpg */,
				188C68CD2042849B00ED544E /* headIcon16.jpg */,
				188C68BC2042849900ED544E /* headIcon17.jpg */,
				188C68B72042849800ED544E /* headIcon18.jpg */,
				188C68B12042849800ED544E /* headIcon19.jpg */,
				188C68AC2042849700ED544E /* headIcon20.jpg */,
				188C68CE2042849B00ED544E /* headIcon21.jpg */,
				188C68CF2042849B00ED544E /* headIcon22.jpg */,
				188C68B42042849800ED544E /* headIcon23.jpg */,
				188C68AE2042849800ED544E /* headIcon24.jpg */,
				188C68B02042849800ED544E /* headIcon25.jpg */,
				188C68AF2042849800ED544E /* headIcon26.jpg */,
				188C68BF2042849900ED544E /* headIcon27.jpg */,
				188C68B92042849800ED544E /* headIcon28.jpg */,
				188C68B22042849800ED544E /* headIcon29.jpg */,
				188C68C72042849A00ED544E /* headIcon30.jpg */,
				188C68C42042849A00ED544E /* headIcon31.jpg */,
				188C68BD2042849900ED544E /* headIcon32.jpg */,
				188C68B82042849800ED544E /* headIcon33.jpg */,
				188C68B32042849800ED544E /* headIcon34.jpg */,
				188C68C32042849900ED544E /* headIcon35.jpg */,
				188C68D12042849B00ED544E /* headIcon36.jpg */,
				188C68D32042849C00ED544E /* headIcon37.jpg */,
				188C68B52042849800ED544E /* headIcon38.jpg */,
				188C68B62042849800ED544E /* headIcon39.jpg */,
				188C68BA2042849900ED544E /* headIcon40.jpg */,
				188C68BB2042849900ED544E /* headIcon41.jpg */,
			);
			path = headerImage;
			sourceTree = "<group>";
		};
		1892B7C620511F530049192D /* Eleme */ = {
			isa = PBXGroup;
			children = (
				1892B7C720511FA20049192D /* Eleme.storyboard */,
				1892B7CD205127C60049192D /* ELMMenuPart */,
				1892B7CB205127A90049192D /* ELMBase */,
			);
			path = Eleme;
			sourceTree = "<group>";
		};
		1892B7CB205127A90049192D /* ELMBase */ = {
			isa = PBXGroup;
			children = (
				1892B7D2205128640049192D /* ELMBaseViewController.swift */,
			);
			path = ELMBase;
			sourceTree = "<group>";
		};
		1892B7CD205127C60049192D /* ELMMenuPart */ = {
			isa = PBXGroup;
			children = (
				1892B7CE205128140049192D /* Model */,
				1892B7D0205128250049192D /* View */,
				1892B7D12051282B0049192D /* Controller */,
			);
			path = ELMMenuPart;
			sourceTree = "<group>";
		};
		1892B7CE205128140049192D /* Model */ = {
			isa = PBXGroup;
			children = (
				18D5530C2058F77D00F675A5 /* ELMMenuBaseModel.swift */,
				18D5530E2058F8A600F675A5 /* ELMMenuCouponModel.swift */,
				18D553102058F9CD00F675A5 /* ELMMenuPreferentialModel.swift */,
			);
			path = Model;
			sourceTree = "<group>";
		};
		1892B7D0205128250049192D /* View */ = {
			isa = PBXGroup;
			children = (
				189D7E3B2056432C000AE2C8 /* ELMMenuViewOneScrollCell.swift */,
				18A1AC2F2057959A005B1458 /* ELMMenuBackView.swift */,
				18A1AC3120579636005B1458 /* ELMMenuBackView.xib */,
				18D553042058D03700F675A5 /* ELMCouponView.swift */,
				18D553062058D05200F675A5 /* ELMCouponView.xib */,
				18D553082058F32000F675A5 /* ELMPreferentialView.swift */,
				18D5530A2058F34400F675A5 /* ELMPreferentialView.xib */,
			);
			path = View;
			sourceTree = "<group>";
		};
		1892B7D12051282B0049192D /* Controller */ = {
			isa = PBXGroup;
			children = (
				1892B7D4205128850049192D /* ELMMenuViewController.swift */,
			);
			path = Controller;
			sourceTree = "<group>";
		};
		34156154243E3B2FDCE8C7BD /* Frameworks */ = {
			isa = PBXGroup;
			children = (
				0DBD0EB0DD1A87F6937D7C67 /* Pods_BigDemoSwift.framework */,
			);
			name = Frameworks;
			sourceTree = "<group>";
		};
		CF96B4FCCFCA5EDA3B616422 /* Pods */ = {
			isa = PBXGroup;
			children = (
				272C4BF05F750927A2BB3F04 /* Pods-BigDemoSwift.debug.xcconfig */,
				4E8F3ACB9C6DC5EB658410D6 /* Pods-BigDemoSwift.release.xcconfig */,
			);
			name = Pods;
			sourceTree = "<group>";
		};
/* End PBXGroup section */

/* Begin PBXNativeTarget section */
		18039314203FE3A100A12674 /* BigDemoSwift */ = {
			isa = PBXNativeTarget;
			buildConfigurationList = 18039327203FE3A100A12674 /* Build configuration list for PBXNativeTarget "BigDemoSwift" */;
			buildPhases = (
				535B3AB5EC0AA148BA3C51C1 /* [CP] Check Pods Manifest.lock */,
				18039311203FE3A100A12674 /* Sources */,
				18039312203FE3A100A12674 /* Frameworks */,
				18039313203FE3A100A12674 /* Resources */,
				321125AB1BECE4201537806F /* [CP] Embed Pods Frameworks */,
				A93539E7A9174F67C7890EC5 /* [CP] Copy Pods Resources */,
			);
			buildRules = (
			);
			dependencies = (
			);
			name = BigDemoSwift;
			productName = BigDemoSwift;
			productReference = 18039315203FE3A100A12674 /* BigDemoSwift.app */;
			productType = "com.apple.product-type.application";
		};
/* End PBXNativeTarget section */

/* Begin PBXProject section */
		1803930D203FE3A100A12674 /* Project object */ = {
			isa = PBXProject;
			attributes = {
				LastSwiftUpdateCheck = 0920;
				LastUpgradeCheck = 0920;
				ORGANIZATIONNAME = ame017;
				TargetAttributes = {
					18039314203FE3A100A12674 = {
						CreatedOnToolsVersion = 9.2;
						LastSwiftMigration = 0920;
						ProvisioningStyle = Automatic;
					};
				};
			};
			buildConfigurationList = 18039310203FE3A100A12674 /* Build configuration list for PBXProject "BigDemoSwift" */;
			compatibilityVersion = "Xcode 8.0";
			developmentRegion = en;
			hasScannedForEncodings = 0;
			knownRegions = (
				en,
				Base,
			);
			mainGroup = 1803930C203FE3A100A12674;
			productRefGroup = 18039316203FE3A100A12674 /* Products */;
			projectDirPath = "";
			projectRoot = "";
			targets = (
				18039314203FE3A100A12674 /* BigDemoSwift */,
			);
		};
/* End PBXProject section */

/* Begin PBXResourcesBuildPhase section */
		18039313203FE3A100A12674 /* Resources */ = {
			isa = PBXResourcesBuildPhase;
			buildActionMask = 2147483647;
			files = (
				188C68FC2042849C00ED544E /* headIcon15.jpg in Resources */,
				181EC4992044010900993615 /* miku.jpg in Resources */,
				188C68E62042849C00ED544E /* headIcon17.jpg in Resources */,
				188C68DE2042849C00ED544E /* headIcon23.jpg in Resources */,
				188C68E52042849C00ED544E /* headIcon41.jpg in Resources */,
				1892B7CA20511FDF0049192D /* Weibo.storyboard in Resources */,
				188C68D92042849C00ED544E /* headIcon26.jpg in Resources */,
				188C68DD2042849C00ED544E /* headIcon34.jpg in Resources */,
				188C68E72042849C00ED544E /* headIcon32.jpg in Resources */,
				188C68DF2042849C00ED544E /* headIcon38.jpg in Resources */,
				18A1AC3220579636005B1458 /* ELMMenuBackView.xib in Resources */,
				188C6901204286A300ED544E /* WBMainContentView.xib in Resources */,
				18039323203FE3A100A12674 /* LaunchScreen.storyboard in Resources */,
				188C68DB2042849C00ED544E /* headIcon19.jpg in Resources */,
				188C68EF2042849C00ED544E /* headIcon2.jpg in Resources */,
				188C68F62042849C00ED544E /* headIcon5.jpg in Resources */,
				18D8301D2048FFA1008E5A44 /* WBMainTableViewCell.xib in Resources */,
				188C68D42042849C00ED544E /* headIcon0.jpg in Resources */,
				188C68E22042849C00ED544E /* headIcon33.jpg in Resources */,
				188C68DC2042849C00ED544E /* headIcon29.jpg in Resources */,
				188C68D62042849C00ED544E /* headIcon20.jpg in Resources */,
				188C68F72042849C00ED544E /* headIcon16.jpg in Resources */,
				1875B7322047E51D00B5A5AA /* WBNineImageView.xib in Resources */,
				188C68E92042849C00ED544E /* headIcon27.jpg in Resources */,
				18D553072058D05200F675A5 /* ELMCouponView.xib in Resources */,
				188C68F22042849C00ED544E /* headIcon10.jpg in Resources */,
				1892B7C820511FA20049192D /* Eleme.storyboard in Resources */,
				188C68E32042849C00ED544E /* headIcon28.jpg in Resources */,
				188C68EB2042849C00ED544E /* headIcon8.jpg in Resources */,
				188C68E42042849C00ED544E /* headIcon40.jpg in Resources */,
				188C68F32042849C00ED544E /* headIcon4.jpg in Resources */,
				188C68F92042849C00ED544E /* headIcon22.jpg in Resources */,
				188C68EA2042849C00ED544E /* headIcon3.jpg in Resources */,
				188C68F12042849C00ED544E /* headIcon30.jpg in Resources */,
				188C68F82042849C00ED544E /* headIcon21.jpg in Resources */,
				188C68F52042849C00ED544E /* headIcon13.jpg in Resources */,
				186D11F62044E34E009F3242 /* WBForwardingView.xib in Resources */,
				18D5530B2058F34400F675A5 /* ELMPreferentialView.xib in Resources */,
				188C68E82042849C00ED544E /* headIcon14.jpg in Resources */,
				188C68D72042849C00ED544E /* headIcon12.jpg in Resources */,
				188C68ED2042849C00ED544E /* headIcon35.jpg in Resources */,
				188C68FD2042849C00ED544E /* headIcon37.jpg in Resources */,
				188C68DA2042849C00ED544E /* headIcon25.jpg in Resources */,
				188C68E02042849C00ED544E /* headIcon39.jpg in Resources */,
				188C68F42042849C00ED544E /* headIcon11.jpg in Resources */,
				188C68FA2042849C00ED544E /* headIcon7.jpg in Resources */,
				188C68EE2042849C00ED544E /* headIcon31.jpg in Resources */,
				18039320203FE3A100A12674 /* Assets.xcassets in Resources */,
				188C68D52042849C00ED544E /* headIcon9.jpg in Resources */,
				188C68F02042849C00ED544E /* headIcon1.jpg in Resources */,
				188C68EC2042849C00ED544E /* headIcon6.jpg in Resources */,
				188C68E12042849C00ED544E /* headIcon18.jpg in Resources */,
				188C68FB2042849C00ED544E /* headIcon36.jpg in Resources */,
				1803931E203FE3A100A12674 /* Main.storyboard in Resources */,
				188C68D82042849C00ED544E /* headIcon24.jpg in Resources */,
			);
			runOnlyForDeploymentPostprocessing = 0;
		};
/* End PBXResourcesBuildPhase section */

/* Begin PBXShellScriptBuildPhase section */
		321125AB1BECE4201537806F /* [CP] Embed Pods Frameworks */ = {
			isa = PBXShellScriptBuildPhase;
			buildActionMask = 2147483647;
			files = (
			);
			inputPaths = (
				"${SRCROOT}/Pods/Target Support Files/Pods-BigDemoSwift/Pods-BigDemoSwift-frameworks.sh",
				"${BUILT_PRODUCTS_DIR}/Alamofire/Alamofire.framework",
				"${BUILT_PRODUCTS_DIR}/DZNEmptyDataSet/DZNEmptyDataSet.framework",
				"${BUILT_PRODUCTS_DIR}/FDFullscreenPopGesture/FDFullscreenPopGesture.framework",
				"${BUILT_PRODUCTS_DIR}/HandyJSON/HandyJSON.framework",
				"${BUILT_PRODUCTS_DIR}/IQKeyboardManagerSwift/IQKeyboardManagerSwift.framework",
				"${BUILT_PRODUCTS_DIR}/Kingfisher/Kingfisher.framework",
				"${BUILT_PRODUCTS_DIR}/MJRefresh/MJRefresh.framework",
				"${BUILT_PRODUCTS_DIR}/SDWebImage/SDWebImage.framework",
				"${BUILT_PRODUCTS_DIR}/SVProgressHUD/SVProgressHUD.framework",
				"${BUILT_PRODUCTS_DIR}/SnapKit/SnapKit.framework",
				"${BUILT_PRODUCTS_DIR}/SwiftyJSON/SwiftyJSON.framework",
				"${BUILT_PRODUCTS_DIR}/XLPhotoBrowser+CoderXL/XLPhotoBrowser_CoderXL.framework",
			);
			name = "[CP] Embed Pods Frameworks";
			outputPaths = (
				"${TARGET_BUILD_DIR}/${FRAMEWORKS_FOLDER_PATH}/Alamofire.framework",
				"${TARGET_BUILD_DIR}/${FRAMEWORKS_FOLDER_PATH}/DZNEmptyDataSet.framework",
				"${TARGET_BUILD_DIR}/${FRAMEWORKS_FOLDER_PATH}/FDFullscreenPopGesture.framework",
				"${TARGET_BUILD_DIR}/${FRAMEWORKS_FOLDER_PATH}/HandyJSON.framework",
				"${TARGET_BUILD_DIR}/${FRAMEWORKS_FOLDER_PATH}/IQKeyboardManagerSwift.framework",
				"${TARGET_BUILD_DIR}/${FRAMEWORKS_FOLDER_PATH}/Kingfisher.framework",
				"${TARGET_BUILD_DIR}/${FRAMEWORKS_FOLDER_PATH}/MJRefresh.framework",
				"${TARGET_BUILD_DIR}/${FRAMEWORKS_FOLDER_PATH}/SDWebImage.framework",
				"${TARGET_BUILD_DIR}/${FRAMEWORKS_FOLDER_PATH}/SVProgressHUD.framework",
				"${TARGET_BUILD_DIR}/${FRAMEWORKS_FOLDER_PATH}/SnapKit.framework",
				"${TARGET_BUILD_DIR}/${FRAMEWORKS_FOLDER_PATH}/SwiftyJSON.framework",
				"${TARGET_BUILD_DIR}/${FRAMEWORKS_FOLDER_PATH}/XLPhotoBrowser_CoderXL.framework",
			);
			runOnlyForDeploymentPostprocessing = 0;
			shellPath = /bin/sh;
			shellScript = "\"${SRCROOT}/Pods/Target Support Files/Pods-BigDemoSwift/Pods-BigDemoSwift-frameworks.sh\"\n";
			showEnvVarsInLog = 0;
		};
		535B3AB5EC0AA148BA3C51C1 /* [CP] Check Pods Manifest.lock */ = {
			isa = PBXShellScriptBuildPhase;
			buildActionMask = 2147483647;
			files = (
			);
			inputPaths = (
				"${PODS_PODFILE_DIR_PATH}/Podfile.lock",
				"${PODS_ROOT}/Manifest.lock",
			);
			name = "[CP] Check Pods Manifest.lock";
			outputPaths = (
				"$(DERIVED_FILE_DIR)/Pods-BigDemoSwift-checkManifestLockResult.txt",
			);
			runOnlyForDeploymentPostprocessing = 0;
			shellPath = /bin/sh;
			shellScript = "diff \"${PODS_PODFILE_DIR_PATH}/Podfile.lock\" \"${PODS_ROOT}/Manifest.lock\" > /dev/null\nif [ $? != 0 ] ; then\n    # print error to STDERR\n    echo \"error: The sandbox is not in sync with the Podfile.lock. Run 'pod install' or update your CocoaPods installation.\" >&2\n    exit 1\nfi\n# This output is used by Xcode 'outputs' to avoid re-running this script phase.\necho \"SUCCESS\" > \"${SCRIPT_OUTPUT_FILE_0}\"\n";
			showEnvVarsInLog = 0;
		};
		A93539E7A9174F67C7890EC5 /* [CP] Copy Pods Resources */ = {
			isa = PBXShellScriptBuildPhase;
			buildActionMask = 2147483647;
			files = (
			);
			inputPaths = (
			);
			name = "[CP] Copy Pods Resources";
			outputPaths = (
			);
			runOnlyForDeploymentPostprocessing = 0;
			shellPath = /bin/sh;
			shellScript = "\"${SRCROOT}/Pods/Target Support Files/Pods-BigDemoSwift/Pods-BigDemoSwift-resources.sh\"\n";
			showEnvVarsInLog = 0;
		};
/* End PBXShellScriptBuildPhase section */

/* Begin PBXSourcesBuildPhase section */
		18039311203FE3A100A12674 /* Sources */ = {
			isa = PBXSourcesBuildPhase;
			buildActionMask = 2147483647;
			files = (
				18D5530F2058F8A600F675A5 /* ELMMenuCouponModel.swift in Sources */,
				186D11F42044E342009F3242 /* WBForwardingView.swift in Sources */,
				188C68FF2042850700ED544E /* WBMainContentView.swift in Sources */,
				18039338204006B200A12674 /* WBBaseViewController.swift in Sources */,
				188C68492042396900ED544E /* Header.swift in Sources */,
				1892B7D3205128640049192D /* ELMBaseViewController.swift in Sources */,
				1803933F20400B8900A12674 /* WBMainHeaderView.swift in Sources */,
				18D553092058F32000F675A5 /* ELMPreferentialView.swift in Sources */,
				1803934420400CA100A12674 /* WBMainHeaderModel.swift in Sources */,
				1892B7D5205128850049192D /* ELMMenuViewController.swift in Sources */,
				189D7E3C2056432C000AE2C8 /* ELMMenuViewOneScrollCell.swift in Sources */,
				1803933D20400AEC00A12674 /* WBMainTableViewCell.swift in Sources */,
				188C690320428CF600ED544E /* WBMainContentModel.swift in Sources */,
				18039332203FF74500A12674 /* XXLinkLabel.m in Sources */,
				18D553052058D03700F675A5 /* ELMCouponView.swift in Sources */,
				18D553112058F9CD00F675A5 /* ELMMenuPreferentialModel.swift in Sources */,
				18D5530D2058F77D00F675A5 /* ELMMenuBaseModel.swift in Sources */,
				18A1AC382057C4A6005B1458 /* RatingBar.swift in Sources */,
				1803931B203FE3A100A12674 /* ViewController.swift in Sources */,
				1875B7302047E50400B5A5AA /* WBNineImageView.swift in Sources */,
				18039319203FE3A100A12674 /* AppDelegate.swift in Sources */,
				18A1AC302057959A005B1458 /* ELMMenuBackView.swift in Sources */,
				1803933A204006FF00A12674 /* WBMainViewController.swift in Sources */,
			);
			runOnlyForDeploymentPostprocessing = 0;
		};
/* End PBXSourcesBuildPhase section */

/* Begin PBXVariantGroup section */
		1803931C203FE3A100A12674 /* Main.storyboard */ = {
			isa = PBXVariantGroup;
			children = (
				1803931D203FE3A100A12674 /* Base */,
			);
			name = Main.storyboard;
			sourceTree = "<group>";
		};
		18039321203FE3A100A12674 /* LaunchScreen.storyboard */ = {
			isa = PBXVariantGroup;
			children = (
				18039322203FE3A100A12674 /* Base */,
			);
			name = LaunchScreen.storyboard;
			sourceTree = "<group>";
		};
/* End PBXVariantGroup section */

/* Begin XCBuildConfiguration section */
		18039325203FE3A100A12674 /* Debug */ = {
			isa = XCBuildConfiguration;
			buildSettings = {
				ALWAYS_SEARCH_USER_PATHS = NO;
				CLANG_ANALYZER_NONNULL = YES;
				CLANG_ANALYZER_NUMBER_OBJECT_CONVERSION = YES_AGGRESSIVE;
				CLANG_CXX_LANGUAGE_STANDARD = "gnu++14";
				CLANG_CXX_LIBRARY = "libc++";
				CLANG_ENABLE_MODULES = YES;
				CLANG_ENABLE_OBJC_ARC = YES;
				CLANG_WARN_BLOCK_CAPTURE_AUTORELEASING = YES;
				CLANG_WARN_BOOL_CONVERSION = YES;
				CLANG_WARN_COMMA = YES;
				CLANG_WARN_CONSTANT_CONVERSION = YES;
				CLANG_WARN_DIRECT_OBJC_ISA_USAGE = YES_ERROR;
				CLANG_WARN_DOCUMENTATION_COMMENTS = YES;
				CLANG_WARN_EMPTY_BODY = YES;
				CLANG_WARN_ENUM_CONVERSION = YES;
				CLANG_WARN_INFINITE_RECURSION = YES;
				CLANG_WARN_INT_CONVERSION = YES;
				CLANG_WARN_NON_LITERAL_NULL_CONVERSION = YES;
				CLANG_WARN_OBJC_LITERAL_CONVERSION = YES;
				CLANG_WARN_OBJC_ROOT_CLASS = YES_ERROR;
				CLANG_WARN_RANGE_LOOP_ANALYSIS = YES;
				CLANG_WARN_STRICT_PROTOTYPES = YES;
				CLANG_WARN_SUSPICIOUS_MOVE = YES;
				CLANG_WARN_UNGUARDED_AVAILABILITY = YES_AGGRESSIVE;
				CLANG_WARN_UNREACHABLE_CODE = YES;
				CLANG_WARN__DUPLICATE_METHOD_MATCH = YES;
				CODE_SIGN_IDENTITY = "iPhone Developer";
				COPY_PHASE_STRIP = NO;
				DEBUG_INFORMATION_FORMAT = dwarf;
				ENABLE_STRICT_OBJC_MSGSEND = YES;
				ENABLE_TESTABILITY = YES;
				GCC_C_LANGUAGE_STANDARD = gnu11;
				GCC_DYNAMIC_NO_PIC = NO;
				GCC_NO_COMMON_BLOCKS = YES;
				GCC_OPTIMIZATION_LEVEL = 0;
				GCC_PREPROCESSOR_DEFINITIONS = (
					"DEBUG=1",
					"$(inherited)",
				);
				GCC_WARN_64_TO_32_BIT_CONVERSION = YES;
				GCC_WARN_ABOUT_RETURN_TYPE = YES_ERROR;
				GCC_WARN_UNDECLARED_SELECTOR = YES;
				GCC_WARN_UNINITIALIZED_AUTOS = YES_AGGRESSIVE;
				GCC_WARN_UNUSED_FUNCTION = YES;
				GCC_WARN_UNUSED_VARIABLE = YES;
				IPHONEOS_DEPLOYMENT_TARGET = 11.2;
				MTL_ENABLE_DEBUG_INFO = YES;
				ONLY_ACTIVE_ARCH = YES;
				SDKROOT = iphoneos;
				SWIFT_ACTIVE_COMPILATION_CONDITIONS = DEBUG;
				SWIFT_OPTIMIZATION_LEVEL = "-Onone";
			};
			name = Debug;
		};
		18039326203FE3A100A12674 /* Release */ = {
			isa = XCBuildConfiguration;
			buildSettings = {
				ALWAYS_SEARCH_USER_PATHS = NO;
				CLANG_ANALYZER_NONNULL = YES;
				CLANG_ANALYZER_NUMBER_OBJECT_CONVERSION = YES_AGGRESSIVE;
				CLANG_CXX_LANGUAGE_STANDARD = "gnu++14";
				CLANG_CXX_LIBRARY = "libc++";
				CLANG_ENABLE_MODULES = YES;
				CLANG_ENABLE_OBJC_ARC = YES;
				CLANG_WARN_BLOCK_CAPTURE_AUTORELEASING = YES;
				CLANG_WARN_BOOL_CONVERSION = YES;
				CLANG_WARN_COMMA = YES;
				CLANG_WARN_CONSTANT_CONVERSION = YES;
				CLANG_WARN_DIRECT_OBJC_ISA_USAGE = YES_ERROR;
				CLANG_WARN_DOCUMENTATION_COMMENTS = YES;
				CLANG_WARN_EMPTY_BODY = YES;
				CLANG_WARN_ENUM_CONVERSION = YES;
				CLANG_WARN_INFINITE_RECURSION = YES;
				CLANG_WARN_INT_CONVERSION = YES;
				CLANG_WARN_NON_LITERAL_NULL_CONVERSION = YES;
				CLANG_WARN_OBJC_LITERAL_CONVERSION = YES;
				CLANG_WARN_OBJC_ROOT_CLASS = YES_ERROR;
				CLANG_WARN_RANGE_LOOP_ANALYSIS = YES;
				CLANG_WARN_STRICT_PROTOTYPES = YES;
				CLANG_WARN_SUSPICIOUS_MOVE = YES;
				CLANG_WARN_UNGUARDED_AVAILABILITY = YES_AGGRESSIVE;
				CLANG_WARN_UNREACHABLE_CODE = YES;
				CLANG_WARN__DUPLICATE_METHOD_MATCH = YES;
				CODE_SIGN_IDENTITY = "iPhone Developer";
				COPY_PHASE_STRIP = NO;
				DEBUG_INFORMATION_FORMAT = "dwarf-with-dsym";
				ENABLE_NS_ASSERTIONS = NO;
				ENABLE_STRICT_OBJC_MSGSEND = YES;
				GCC_C_LANGUAGE_STANDARD = gnu11;
				GCC_NO_COMMON_BLOCKS = YES;
				GCC_WARN_64_TO_32_BIT_CONVERSION = YES;
				GCC_WARN_ABOUT_RETURN_TYPE = YES_ERROR;
				GCC_WARN_UNDECLARED_SELECTOR = YES;
				GCC_WARN_UNINITIALIZED_AUTOS = YES_AGGRESSIVE;
				GCC_WARN_UNUSED_FUNCTION = YES;
				GCC_WARN_UNUSED_VARIABLE = YES;
				IPHONEOS_DEPLOYMENT_TARGET = 11.2;
				MTL_ENABLE_DEBUG_INFO = NO;
				SDKROOT = iphoneos;
				SWIFT_OPTIMIZATION_LEVEL = "-Owholemodule";
				VALIDATE_PRODUCT = YES;
			};
			name = Release;
		};
		18039328203FE3A100A12674 /* Debug */ = {
			isa = XCBuildConfiguration;
			baseConfigurationReference = 272C4BF05F750927A2BB3F04 /* Pods-BigDemoSwift.debug.xcconfig */;
			buildSettings = {
				ASSETCATALOG_COMPILER_APPICON_NAME = AppIcon;
				CLANG_ENABLE_MODULES = YES;
				CODE_SIGN_STYLE = Automatic;
				DEVELOPMENT_TEAM = 9G7Z8B62GL;
				INFOPLIST_FILE = BigDemoSwift/Info.plist;
				LD_RUNPATH_SEARCH_PATHS = "$(inherited) @executable_path/Frameworks";
				PRODUCT_BUNDLE_IDENTIFIER = com.ame017.BigDemoSwift;
				PRODUCT_NAME = "$(TARGET_NAME)";
				SWIFT_OBJC_BRIDGING_HEADER = "BigDemoSwift/Header/BigDemoSwift-Bridging-Header.h";
				SWIFT_OPTIMIZATION_LEVEL = "-Onone";
				SWIFT_VERSION = 4.0;
				TARGETED_DEVICE_FAMILY = "1,2";
				USER_HEADER_SEARCH_PATHS = "${SRCROOT}/**";
			};
			name = Debug;
		};
		18039329203FE3A100A12674 /* Release */ = {
			isa = XCBuildConfiguration;
			baseConfigurationReference = 4E8F3ACB9C6DC5EB658410D6 /* Pods-BigDemoSwift.release.xcconfig */;
			buildSettings = {
				ASSETCATALOG_COMPILER_APPICON_NAME = AppIcon;
				CLANG_ENABLE_MODULES = YES;
				CODE_SIGN_STYLE = Automatic;
				DEVELOPMENT_TEAM = 9G7Z8B62GL;
				INFOPLIST_FILE = BigDemoSwift/Info.plist;
				LD_RUNPATH_SEARCH_PATHS = "$(inherited) @executable_path/Frameworks";
				PRODUCT_BUNDLE_IDENTIFIER = com.ame017.BigDemoSwift;
				PRODUCT_NAME = "$(TARGET_NAME)";
				SWIFT_OBJC_BRIDGING_HEADER = "BigDemoSwift/Header/BigDemoSwift-Bridging-Header.h";
				SWIFT_VERSION = 4.0;
				TARGETED_DEVICE_FAMILY = "1,2";
				USER_HEADER_SEARCH_PATHS = "${SRCROOT}/**";
			};
			name = Release;
		};
/* End XCBuildConfiguration section */

/* Begin XCConfigurationList section */
		18039310203FE3A100A12674 /* Build configuration list for PBXProject "BigDemoSwift" */ = {
			isa = XCConfigurationList;
			buildConfigurations = (
				18039325203FE3A100A12674 /* Debug */,
				18039326203FE3A100A12674 /* Release */,
			);
			defaultConfigurationIsVisible = 0;
			defaultConfigurationName = Release;
		};
		18039327203FE3A100A12674 /* Build configuration list for PBXNativeTarget "BigDemoSwift" */ = {
			isa = XCConfigurationList;
			buildConfigurations = (
				18039328203FE3A100A12674 /* Debug */,
				18039329203FE3A100A12674 /* Release */,
			);
			defaultConfigurationIsVisible = 0;
			defaultConfigurationName = Release;
		};
/* End XCConfigurationList section */
	};
	rootObject = 1803930D203FE3A100A12674 /* Project object */;
}
